<?xml version="1.0" encoding="utf-8"?>
<Project ToolsVersion="4.0" xmlns="http://schemas.microsoft.com/developer/msbuild/2003">
  <ItemGroup>
    <Filter Include="Source Files">
      <UniqueIdentifier>{4FC737F1-C7A5-4376-A066-2A32D752A2FF}</UniqueIdentifier>
      <Extensions>cpp;c;cc;cxx;def;odl;idl;hpj;bat;asm;asmx</Extensions>
    </Filter>
    <Filter Include="Header Files">
      <UniqueIdentifier>{93995380-89BD-4b04-88EB-625FBE52EBFB}</UniqueIdentifier>
      <Extensions>h;hpp;hxx;hm;inl;inc;xsd</Extensions>
    </Filter>
    <Filter Include="Resource Files">
      <UniqueIdentifier>{67DA6AB6-F800-4c08-8B7A-83BB121AAD01}</UniqueIdentifier>
      <Extensions>rc;ico;cur;bmp;dlg;rc2;rct;bin;rgs;gif;jpg;jpeg;jpe;resx;tiff;tif;png;wav;mfcribbon-ms</Extensions>
    </Filter>
    <Filter Include="Source Files\SkypeControl">
      <UniqueIdentifier>{16b242c9-3d5f-4ca6-b558-52c0d2e5a7aa}</UniqueIdentifier>
    </Filter>
    <Filter Include="Header Files\SkypeControl">
      <UniqueIdentifier>{70e46196-0bfa-41e4-a72c-036ffa02dd2e}</UniqueIdentifier>
    </Filter>
  </ItemGroup>
  <ItemGroup>
    <None Include="ReadMe.txt" />
  </ItemGroup>
  <ItemGroup>
    <ClInclude Include="SkypeControl\skype_basics.h">
      <Filter>Header Files\SkypeControl</Filter>
    </ClInclude>
    <ClInclude Include="SkypeControl\skype_rc4.h">
      <Filter>Header Files\SkypeControl</Filter>
    </ClInclude>
    <ClInclude Include="SkypeControl\skypecontrol.h">
      <Filter>Header Files\SkypeControl</Filter>
    </ClInclude>
    <ClInclude Include="short_types.h">
      <Filter>Header Files</Filter>
    </ClInclude>
  </ItemGroup>
  <ItemGroup>
    <ClCompile Include="SkypeControl\ext42.c">
      <Filter>Source Files\SkypeControl</Filter>
    </ClCompile>
    <ClCompile Include="SkypeControl\pack-4142.c">
      <Filter>Source Files\SkypeControl</Filter>
    </ClCompile>
    <ClCompile Include="SkypeControl\unpack-4142.c">
      <Filter>Source Files\SkypeControl</Filter>
    </ClCompile>
    <ClCompile Include="dllmain.c">
      <Filter>Source Files</Filter>
    </ClCompile>
    <ClCompile Include="enc41.c">
      <Filter>Source Files</Filter>
    </ClCompile>
    <ClCompile Include="main.c">
      <Filter>Source Files</Filter>
    </ClCompile>
  </ItemGroup>
</Project>