
Microsoft Visual Studio Solution File, Format Version 11.00
# Visual Studio 2010
Project("{8BC9CEB8-8B4A-11D0-8D11-00A0C91BC942}") = "recovery_signed_data", "recovery_signed_data.vcxproj", "{E6EA27CD-E169-45C5-B2E4-ABAD042CB2FA}"
EndProject
Global
	GlobalSection(SolutionConfigurationPlatforms) = preSolution
		Debug|Win32 = Debug|Win32
		Release|Win32 = Release|Win32
	EndGlobalSection
	GlobalSection(ProjectConfigurationPlatforms) = postSolution
		{E6EA27CD-E169-45C5-B2E4-ABAD042CB2FA}.Debug|Win32.ActiveCfg = Debug|Win32
		{E6EA27CD-E169-45C5-B2E4-ABAD042CB2FA}.Debug|Win32.Build.0 = Debug|Win32
		{E6EA27CD-E169-45C5-B2E4-ABAD042CB2FA}.Release|Win32.ActiveCfg = Release|Win32
		{E6EA27CD-E169-45C5-B2E4-ABAD042CB2FA}.Release|Win32.Build.0 = Release|Win32
	EndGlobalSection
	GlobalSection(SolutionProperties) = preSolution
		HideSolutionNode = FALSE
	EndGlobalSection
EndGlobal
